
Microsoft Visual Studio Solution File, Format Version 12.00
# Visual Studio Version 17
VisualStudioVersion = 17.4.33403.182
MinimumVisualStudioVersion = 10.0.40219.1
Project("{9A19103F-16F7-4668-BE54-9A1E7A4F7556}") = "learnApi", "learnApi\learnApi.csproj", "{5BD5FF2D-994F-439A-BA70-6E9E0D30F87E}"
EndProject
Project("{FAE04EC0-301F-11D3-BF4B-00C04F79EFBC}") = "WebApp", "WebApp\WebApp.csproj", "{299FDC9B-F011-4522-8AEC-5575BA4AA2F6}"
EndProject
Global
	GlobalSection(SolutionConfigurationPlatforms) = preSolution
		Debug|Any CPU = Debug|Any CPU
		Release|Any CPU = Release|Any CPU
	EndGlobalSection
	GlobalSection(ProjectConfigurationPlatforms) = postSolution
		{5BD5FF2D-994F-439A-BA70-6E9E0D30F87E}.Debug|Any CPU.ActiveCfg = Debug|Any CPU
		{5BD5FF2D-994F-439A-BA70-6E9E0D30F87E}.Debug|Any CPU.Build.0 = Debug|Any CPU
		{5BD5FF2D-994F-439A-BA70-6E9E0D30F87E}.Release|Any CPU.ActiveCfg = Release|Any CPU
		{5BD5FF2D-994F-439A-BA70-6E9E0D30F87E}.Release|Any CPU.Build.0 = Release|Any CPU
		{299FDC9B-F011-4522-8AEC-5575BA4AA2F6}.Debug|Any CPU.ActiveCfg = Debug|Any CPU
		{299FDC9B-F011-4522-8AEC-5575BA4AA2F6}.Debug|Any CPU.Build.0 = Debug|Any CPU
		{299FDC9B-F011-4522-8AEC-5575BA4AA2F6}.Release|Any CPU.ActiveCfg = Release|Any CPU
		{299FDC9B-F011-4522-8AEC-5575BA4AA2F6}.Release|Any CPU.Build.0 = Release|Any CPU
	EndGlobalSection
	GlobalSection(SolutionProperties) = preSolution
		HideSolutionNode = FALSE
	EndGlobalSection
	GlobalSection(ExtensibilityGlobals) = postSolution
		SolutionGuid = {145ED236-DE6A-48A6-8D65-C8AFA8B8269B}
	EndGlobalSection
EndGlobal
